// !$*UTF8*$!
{
	archiveVersion = 1;
	classes = {
	};
	objectVersion = 50;
	objects = {

/* Begin PBXBuildFile section */
		42AFC5D022D57C4C00006471 /* AppDelegate.swift in Sources */ = {isa = PBXBuildFile; fileRef = 42AFC5CF22D57C4C00006471 /* AppDelegate.swift */; };
		42AFC5D222D57C4C00006471 /* ViewController.swift in Sources */ = {isa = PBXBuildFile; fileRef = 42AFC5D122D57C4C00006471 /* ViewController.swift */; };
		42AFC5D522D57C4C00006471 /* Main.storyboard in Resources */ = {isa = PBXBuildFile; fileRef = 42AFC5D322D57C4C00006471 /* Main.storyboard */; };
		42AFC5D722D57C4D00006471 /* Assets.xcassets in Resources */ = {isa = PBXBuildFile; fileRef = 42AFC5D622D57C4D00006471 /* Assets.xcassets */; };
		42AFC5DA22D57C4D00006471 /* LaunchScreen.storyboard in Resources */ = {isa = PBXBuildFile; fileRef = 42AFC5D822D57C4D00006471 /* LaunchScreen.storyboard */; };
		42AFC5E522D57C4D00006471 /* Class03Tests.swift in Sources */ = {isa = PBXBuildFile; fileRef = 42AFC5E422D57C4D00006471 /* Class03Tests.swift */; };
		42AFC5F022D57C4D00006471 /* Class03UITests.swift in Sources */ = {isa = PBXBuildFile; fileRef = 42AFC5EF22D57C4D00006471 /* Class03UITests.swift */; };
		4C406EA909F480D5AA78B950 /* Pods_Class03UITests.framework in Frameworks */ = {isa = PBXBuildFile; fileRef = 4E2E3D4953C353F3942665CE /* Pods_Class03UITests.framework */; };
		89D4F132427410C44E06537B /* Pods_Class03.framework in Frameworks */ = {isa = PBXBuildFile; fileRef = 3A560925FDEBA4FB8016AB9B /* Pods_Class03.framework */; };
		AA660431987A8CF592AD255C /* Pods_Class03Tests.framework in Frameworks */ = {isa = PBXBuildFile; fileRef = 0D686FA8414E3541BA7A62B3 /* Pods_Class03Tests.framework */; };
/* End PBXBuildFile section */

/* Begin PBXContainerItemProxy section */
		42AFC5E122D57C4D00006471 /* PBXContainerItemProxy */ = {
			isa = PBXContainerItemProxy;
			containerPortal = 42AFC5C422D57C4C00006471 /* Project object */;
			proxyType = 1;
			remoteGlobalIDString = 42AFC5CB22D57C4C00006471;
			remoteInfo = Class03;
		};
		42AFC5EC22D57C4D00006471 /* PBXContainerItemProxy */ = {
			isa = PBXContainerItemProxy;
			containerPortal = 42AFC5C422D57C4C00006471 /* Project object */;
			proxyType = 1;
			remoteGlobalIDString = 42AFC5CB22D57C4C00006471;
			remoteInfo = Class03;
		};
/* End PBXContainerItemProxy section */

/* Begin PBXFileReference section */
		0D686FA8414E3541BA7A62B3 /* Pods_Class03Tests.framework */ = {isa = PBXFileReference; explicitFileType = wrapper.framework; includeInIndex = 0; path = Pods_Class03Tests.framework; sourceTree = BUILT_PRODUCTS_DIR; };
		241A5F40A3B532052B03EF62 /* Pods-Class03UITests.debug.xcconfig */ = {isa = PBXFileReference; includeInIndex = 1; lastKnownFileType = text.xcconfig; name = "Pods-Class03UITests.debug.xcconfig"; path = "Target Support Files/Pods-Class03UITests/Pods-Class03UITests.debug.xcconfig"; sourceTree = "<group>"; };
		2907B111159CB1E3C12E9F0C /* Pods-Class03UITests.release.xcconfig */ = {isa = PBXFileReference; includeInIndex = 1; lastKnownFileType = text.xcconfig; name = "Pods-Class03UITests.release.xcconfig"; path = "Target Support Files/Pods-Class03UITests/Pods-Class03UITests.release.xcconfig"; sourceTree = "<group>"; };
		3A560925FDEBA4FB8016AB9B /* Pods_Class03.framework */ = {isa = PBXFileReference; explicitFileType = wrapper.framework; includeInIndex = 0; path = Pods_Class03.framework; sourceTree = BUILT_PRODUCTS_DIR; };
		42AFC5CC22D57C4C00006471 /* Class03.app */ = {isa = PBXFileReference; explicitFileType = wrapper.application; includeInIndex = 0; path = Class03.app; sourceTree = BUILT_PRODUCTS_DIR; };
		42AFC5CF22D57C4C00006471 /* AppDelegate.swift */ = {isa = PBXFileReference; lastKnownFileType = sourcecode.swift; path = AppDelegate.swift; sourceTree = "<group>"; };
		42AFC5D122D57C4C00006471 /* ViewController.swift */ = {isa = PBXFileReference; lastKnownFileType = sourcecode.swift; path = ViewController.swift; sourceTree = "<group>"; };
		42AFC5D422D57C4C00006471 /* Base */ = {isa = PBXFileReference; lastKnownFileType = file.storyboard; name = Base; path = Base.lproj/Main.storyboard; sourceTree = "<group>"; };
		42AFC5D622D57C4D00006471 /* Assets.xcassets */ = {isa = PBXFileReference; lastKnownFileType = folder.assetcatalog; path = Assets.xcassets; sourceTree = "<group>"; };
		42AFC5D922D57C4D00006471 /* Base */ = {isa = PBXFileReference; lastKnownFileType = file.storyboard; name = Base; path = Base.lproj/LaunchScreen.storyboard; sourceTree = "<group>"; };
		42AFC5DB22D57C4D00006471 /* Info.plist */ = {isa = PBXFileReference; lastKnownFileType = text.plist.xml; path = Info.plist; sourceTree = "<group>"; };
		42AFC5E022D57C4D00006471 /* Class03Tests.xctest */ = {isa = PBXFileReference; explicitFileType = wrapper.cfbundle; includeInIndex = 0; path = Class03Tests.xctest; sourceTree = BUILT_PRODUCTS_DIR; };
		42AFC5E422D57C4D00006471 /* Class03Tests.swift */ = {isa = PBXFileReference; lastKnownFileType = sourcecode.swift; path = Class03Tests.swift; sourceTree = "<group>"; };
		42AFC5E622D57C4D00006471 /* Info.plist */ = {isa = PBXFileReference; lastKnownFileType = text.plist.xml; path = Info.plist; sourceTree = "<group>"; };
		42AFC5EB22D57C4D00006471 /* Class03UITests.xctest */ = {isa = PBXFileReference; explicitFileType = wrapper.cfbundle; includeInIndex = 0; path = Class03UITests.xctest; sourceTree = BUILT_PRODUCTS_DIR; };
		42AFC5EF22D57C4D00006471 /* Class03UITests.swift */ = {isa = PBXFileReference; lastKnownFileType = sourcecode.swift; path = Class03UITests.swift; sourceTree = "<group>"; };
		42AFC5F122D57C4D00006471 /* Info.plist */ = {isa = PBXFileReference; lastKnownFileType = text.plist.xml; path = Info.plist; sourceTree = "<group>"; };
		443EFFDC617D7B92368B28DF /* Pods-Class03Tests.debug.xcconfig */ = {isa = PBXFileReference; includeInIndex = 1; lastKnownFileType = text.xcconfig; name = "Pods-Class03Tests.debug.xcconfig"; path = "Target Support Files/Pods-Class03Tests/Pods-Class03Tests.debug.xcconfig"; sourceTree = "<group>"; };
		4E2E3D4953C353F3942665CE /* Pods_Class03UITests.framework */ = {isa = PBXFileReference; explicitFileType = wrapper.framework; includeInIndex = 0; path = Pods_Class03UITests.framework; sourceTree = BUILT_PRODUCTS_DIR; };
		58A901C3B4370088C86F818C /* Pods-Class03Tests.release.xcconfig */ = {isa = PBXFileReference; includeInIndex = 1; lastKnownFileType = text.xcconfig; name = "Pods-Class03Tests.release.xcconfig"; path = "Target Support Files/Pods-Class03Tests/Pods-Class03Tests.release.xcconfig"; sourceTree = "<group>"; };
		646E8155FB8DF390C9A1464B /* Pods-Class03.debug.xcconfig */ = {isa = PBXFileReference; includeInIndex = 1; lastKnownFileType = text.xcconfig; name = "Pods-Class03.debug.xcconfig"; path = "Target Support Files/Pods-Class03/Pods-Class03.debug.xcconfig"; sourceTree = "<group>"; };
		FAB76878DF1ADDDFDCFE2D2B /* Pods-Class03.release.xcconfig */ = {isa = PBXFileReference; includeInIndex = 1; lastKnownFileType = text.xcconfig; name = "Pods-Class03.release.xcconfig"; path = "Target Support Files/Pods-Class03/Pods-Class03.release.xcconfig"; sourceTree = "<group>"; };
/* End PBXFileReference section */

/* Begin PBXFrameworksBuildPhase section */
		42AFC5C922D57C4C00006471 /* Frameworks */ = {
			isa = PBXFrameworksBuildPhase;
			buildActionMask = 2147483647;
			files = (
				89D4F132427410C44E06537B /* Pods_Class03.framework in Frameworks */,
			);
			runOnlyForDeploymentPostprocessing = 0;
		};
		42AFC5DD22D57C4D00006471 /* Frameworks */ = {
			isa = PBXFrameworksBuildPhase;
			buildActionMask = 2147483647;
			files = (
				AA660431987A8CF592AD255C /* Pods_Class03Tests.framework in Frameworks */,
			);
			runOnlyForDeploymentPostprocessing = 0;
		};
		42AFC5E822D57C4D00006471 /* Frameworks */ = {
			isa = PBXFrameworksBuildPhase;
			buildActionMask = 2147483647;
			files = (
				4C406EA909F480D5AA78B950 /* Pods_Class03UITests.framework in Frameworks */,
			);
			runOnlyForDeploymentPostprocessing = 0;
		};
/* End PBXFrameworksBuildPhase section */

/* Begin PBXGroup section */
		42AFC5C322D57C4C00006471 = {
			isa = PBXGroup;
			children = (
				42AFC5CE22D57C4C00006471 /* Class03 */,
				42AFC5E322D57C4D00006471 /* Class03Tests */,
				42AFC5EE22D57C4D00006471 /* Class03UITests */,
				42AFC5CD22D57C4C00006471 /* Products */,
				436939BE990E5F130374211E /* Pods */,
				69E4B1C8897E5DC53F4AAE3E /* Frameworks */,
			);
			sourceTree = "<group>";
		};
		42AFC5CD22D57C4C00006471 /* Products */ = {
			isa = PBXGroup;
			children = (
				42AFC5CC22D57C4C00006471 /* Class03.app */,
				42AFC5E022D57C4D00006471 /* Class03Tests.xctest */,
				42AFC5EB22D57C4D00006471 /* Class03UITests.xctest */,
			);
			name = Products;
			sourceTree = "<group>";
		};
		42AFC5CE22D57C4C00006471 /* Class03 */ = {
			isa = PBXGroup;
			children = (
				42AFC5CF22D57C4C00006471 /* AppDelegate.swift */,
				42AFC5D122D57C4C00006471 /* ViewController.swift */,
				42AFC5D322D57C4C00006471 /* Main.storyboard */,
				42AFC5D622D57C4D00006471 /* Assets.xcassets */,
				42AFC5D822D57C4D00006471 /* LaunchScreen.storyboard */,
				42AFC5DB22D57C4D00006471 /* Info.plist */,
			);
			path = Class03;
			sourceTree = "<group>";
		};
		42AFC5E322D57C4D00006471 /* Class03Tests */ = {
			isa = PBXGroup;
			children = (
				42AFC5E422D57C4D00006471 /* Class03Tests.swift */,
				42AFC5E622D57C4D00006471 /* Info.plist */,
			);
			path = Class03Tests;
			sourceTree = "<group>";
		};
		42AFC5EE22D57C4D00006471 /* Class03UITests */ = {
			isa = PBXGroup;
			children = (
				42AFC5EF22D57C4D00006471 /* Class03UITests.swift */,
				42AFC5F122D57C4D00006471 /* Info.plist */,
			);
			path = Class03UITests;
			sourceTree = "<group>";
		};
		436939BE990E5F130374211E /* Pods */ = {
			isa = PBXGroup;
			children = (
				646E8155FB8DF390C9A1464B /* Pods-Class03.debug.xcconfig */,
				FAB76878DF1ADDDFDCFE2D2B /* Pods-Class03.release.xcconfig */,
				443EFFDC617D7B92368B28DF /* Pods-Class03Tests.debug.xcconfig */,
				58A901C3B4370088C86F818C /* Pods-Class03Tests.release.xcconfig */,
				241A5F40A3B532052B03EF62 /* Pods-Class03UITests.debug.xcconfig */,
				2907B111159CB1E3C12E9F0C /* Pods-Class03UITests.release.xcconfig */,
			);
			name = Pods;
			path = Pods;
			sourceTree = "<group>";
		};
		69E4B1C8897E5DC53F4AAE3E /* Frameworks */ = {
			isa = PBXGroup;
			children = (
				3A560925FDEBA4FB8016AB9B /* Pods_Class03.framework */,
				0D686FA8414E3541BA7A62B3 /* Pods_Class03Tests.framework */,
				4E2E3D4953C353F3942665CE /* Pods_Class03UITests.framework */,
			);
			name = Frameworks;
			sourceTree = "<group>";
		};
/* End PBXGroup section */

/* Begin PBXNativeTarget section */
		42AFC5CB22D57C4C00006471 /* Class03 */ = {
			isa = PBXNativeTarget;
			buildConfigurationList = 42AFC5F422D57C4D00006471 /* Build configuration list for PBXNativeTarget "Class03" */;
			buildPhases = (
				C6388EA5097AE6CE87845653 /* [CP] Check Pods Manifest.lock */,
				42AFC5C822D57C4C00006471 /* Sources */,
				42AFC5C922D57C4C00006471 /* Frameworks */,
				42AFC5CA22D57C4C00006471 /* Resources */,
				20A16CAFF4CDF62582599BBB /* [CP] Embed Pods Frameworks */,
			);
			buildRules = (
			);
			dependencies = (
			);
			name = Class03;
			productName = Class03;
			productReference = 42AFC5CC22D57C4C00006471 /* Class03.app */;
			productType = "com.apple.product-type.application";
		};
		42AFC5DF22D57C4D00006471 /* Class03Tests */ = {
			isa = PBXNativeTarget;
			buildConfigurationList = 42AFC5F722D57C4D00006471 /* Build configuration list for PBXNativeTarget "Class03Tests" */;
			buildPhases = (
				2187F411A5B0E3FDDECB4CA0 /* [CP] Check Pods Manifest.lock */,
				42AFC5DC22D57C4D00006471 /* Sources */,
				42AFC5DD22D57C4D00006471 /* Frameworks */,
				42AFC5DE22D57C4D00006471 /* Resources */,
			);
			buildRules = (
			);
			dependencies = (
				42AFC5E222D57C4D00006471 /* PBXTargetDependency */,
			);
			name = Class03Tests;
			productName = Class03Tests;
			productReference = 42AFC5E022D57C4D00006471 /* Class03Tests.xctest */;
			productType = "com.apple.product-type.bundle.unit-test";
		};
		42AFC5EA22D57C4D00006471 /* Class03UITests */ = {
			isa = PBXNativeTarget;
			buildConfigurationList = 42AFC5FA22D57C4D00006471 /* Build configuration list for PBXNativeTarget "Class03UITests" */;
			buildPhases = (
				327FFF15E3BB434E50150A9D /* [CP] Check Pods Manifest.lock */,
				42AFC5E722D57C4D00006471 /* Sources */,
				42AFC5E822D57C4D00006471 /* Frameworks */,
				42AFC5E922D57C4D00006471 /* Resources */,
			);
			buildRules = (
			);
			dependencies = (
				42AFC5ED22D57C4D00006471 /* PBXTargetDependency */,
			);
			name = Class03UITests;
			productName = Class03UITests;
			productReference = 42AFC5EB22D57C4D00006471 /* Class03UITests.xctest */;
			productType = "com.apple.product-type.bundle.ui-testing";
		};
/* End PBXNativeTarget section */

/* Begin PBXProject section */
		42AFC5C422D57C4C00006471 /* Project object */ = {
			isa = PBXProject;
			attributes = {
				LastSwiftUpdateCheck = 1020;
				LastUpgradeCheck = 1020;
				ORGANIZATIONNAME = app;
				TargetAttributes = {
					42AFC5CB22D57C4C00006471 = {
						CreatedOnToolsVersion = 10.2.1;
					};
					42AFC5DF22D57C4D00006471 = {
						CreatedOnToolsVersion = 10.2.1;
						TestTargetID = 42AFC5CB22D57C4C00006471;
					};
					42AFC5EA22D57C4D00006471 = {
						CreatedOnToolsVersion = 10.2.1;
						TestTargetID = 42AFC5CB22D57C4C00006471;
					};
				};
			};
			buildConfigurationList = 42AFC5C722D57C4C00006471 /* Build configuration list for PBXProject "Class03" */;
			compatibilityVersion = "Xcode 9.3";
			developmentRegion = en;
			hasScannedForEncodings = 0;
			knownRegions = (
				en,
				Base,
			);
			mainGroup = 42AFC5C322D57C4C00006471;
			productRefGroup = 42AFC5CD22D57C4C00006471 /* Products */;
			projectDirPath = "";
			projectRoot = "";
			targets = (
				42AFC5CB22D57C4C00006471 /* Class03 */,
				42AFC5DF22D57C4D00006471 /* Class03Tests */,
				42AFC5EA22D57C4D00006471 /* Class03UITests */,
			);
		};
/* End PBXProject section */

/* Begin PBXResourcesBuildPhase section */
		42AFC5CA22D57C4C00006471 /* Resources */ = {
			isa = PBXResourcesBuildPhase;
			buildActionMask = 2147483647;
			files = (
				42AFC5DA22D57C4D00006471 /* LaunchScreen.storyboard in Resources */,
				42AFC5D722D57C4D00006471 /* Assets.xcassets in Resources */,
				42AFC5D522D57C4C00006471 /* Main.storyboard in Resources */,
			);
			runOnlyForDeploymentPostprocessing = 0;
		};
		42AFC5DE22D57C4D00006471 /* Resources */ = {
			isa = PBXResourcesBuildPhase;
			buildActionMask = 2147483647;
			files = (
			);
			runOnlyForDeploymentPostprocessing = 0;
		};
		42AFC5E922D57C4D00006471 /* Resources */ = {
			isa = PBXResourcesBuildPhase;
			buildActionMask = 2147483647;
			files = (
			);
			runOnlyForDeploymentPostprocessing = 0;
		};
/* End PBXResourcesBuildPhase section */

/* Begin PBXShellScriptBuildPhase section */
		20A16CAFF4CDF62582599BBB /* [CP] Embed Pods Frameworks */ = {
			isa = PBXShellScriptBuildPhase;
			buildActionMask = 2147483647;
			files = (
			);
			inputFileListPaths = (
				"${PODS_ROOT}/Target Support Files/Pods-Class03/Pods-Class03-frameworks-${CONFIGURATION}-input-files.xcfilelist",
			);
			name = "[CP] Embed Pods Frameworks";
			outputFileListPaths = (
				"${PODS_ROOT}/Target Support Files/Pods-Class03/Pods-Class03-frameworks-${CONFIGURATION}-output-files.xcfilelist",
			);
			runOnlyForDeploymentPostprocessing = 0;
			shellPath = /bin/sh;
			shellScript = "\"${PODS_ROOT}/Target Support Files/Pods-Class03/Pods-Class03-frameworks.sh\"\n";
			showEnvVarsInLog = 0;
		};
		2187F411A5B0E3FDDECB4CA0 /* [CP] Check Pods Manifest.lock */ = {
			isa = PBXShellScriptBuildPhase;
			buildActionMask = 2147483647;
			files = (
			);
			inputFileListPaths = (
			);
			inputPaths = (
				"${PODS_PODFILE_DIR_PATH}/Podfile.lock",
				"${PODS_ROOT}/Manifest.lock",
			);
			name = "[CP] Check Pods Manifest.lock";
			outputFileListPaths = (
			);
			outputPaths = (
				"$(DERIVED_FILE_DIR)/Pods-Class03Tests-checkManifestLockResult.txt",
			);
			runOnlyForDeploymentPostprocessing = 0;
			shellPath = /bin/sh;
			shellScript = "diff \"${PODS_PODFILE_DIR_PATH}/Podfile.lock\" \"${PODS_ROOT}/Manifest.lock\" > /dev/null\nif [ $? != 0 ] ; then\n    # print error to STDERR\n    echo \"error: The sandbox is not in sync with the Podfile.lock. Run 'pod install' or update your CocoaPods installation.\" >&2\n    exit 1\nfi\n# This output is used by Xcode 'outputs' to avoid re-running this script phase.\necho \"SUCCESS\" > \"${SCRIPT_OUTPUT_FILE_0}\"\n";
			showEnvVarsInLog = 0;
		};
		327FFF15E3BB434E50150A9D /* [CP] Check Pods Manifest.lock */ = {
			isa = PBXShellScriptBuildPhase;
			buildActionMask = 2147483647;
			files = (
			);
			inputFileListPaths = (
			);
			inputPaths = (
				"${PODS_PODFILE_DIR_PATH}/Podfile.lock",
				"${PODS_ROOT}/Manifest.lock",
			);
			name = "[CP] Check Pods Manifest.lock";
			outputFileListPaths = (
			);
			outputPaths = (
				"$(DERIVED_FILE_DIR)/Pods-Class03UITests-checkManifestLockResult.txt",
			);
			runOnlyForDeploymentPostprocessing = 0;
			shellPath = /bin/sh;
			shellScript = "diff \"${PODS_PODFILE_DIR_PATH}/Podfile.lock\" \"${PODS_ROOT}/Manifest.lock\" > /dev/null\nif [ $? != 0 ] ; then\n    # print error to STDERR\n    echo \"error: The sandbox is not in sync with the Podfile.lock. Run 'pod install' or update your CocoaPods installation.\" >&2\n    exit 1\nfi\n# This output is used by Xcode 'outputs' to avoid re-running this script phase.\necho \"SUCCESS\" > \"${SCRIPT_OUTPUT_FILE_0}\"\n";
			showEnvVarsInLog = 0;
		};
		C6388EA5097AE6CE87845653 /* [CP] Check Pods Manifest.lock */ = {
			isa = PBXShellScriptBuildPhase;
			buildActionMask = 2147483647;
			files = (
			);
			inputFileListPaths = (
			);
			inputPaths = (
				"${PODS_PODFILE_DIR_PATH}/Podfile.lock",
				"${PODS_ROOT}/Manifest.lock",
			);
			name = "[CP] Check Pods Manifest.lock";
			outputFileListPaths = (
			);
			outputPaths = (
				"$(DERIVED_FILE_DIR)/Pods-Class03-checkManifestLockResult.txt",
			);
			runOnlyForDeploymentPostprocessing = 0;
			shellPath = /bin/sh;
			shellScript = "diff \"${PODS_PODFILE_DIR_PATH}/Podfile.lock\" \"${PODS_ROOT}/Manifest.lock\" > /dev/null\nif [ $? != 0 ] ; then\n    # print error to STDERR\n    echo \"error: The sandbox is not in sync with the Podfile.lock. Run 'pod install' or update your CocoaPods installation.\" >&2\n    exit 1\nfi\n# This output is used by Xcode 'outputs' to avoid re-running this script phase.\necho \"SUCCESS\" > \"${SCRIPT_OUTPUT_FILE_0}\"\n";
			showEnvVarsInLog = 0;
		};
/* End PBXShellScriptBuildPhase section */

/* Begin PBXSourcesBuildPhase section */
		42AFC5C822D57C4C00006471 /* Sources */ = {
			isa = PBXSourcesBuildPhase;
			buildActionMask = 2147483647;
			files = (
				42AFC5D222D57C4C00006471 /* ViewController.swift in Sources */,
				42AFC5D022D57C4C00006471 /* AppDelegate.swift in Sources */,
			);
			runOnlyForDeploymentPostprocessing = 0;
		};
		42AFC5DC22D57C4D00006471 /* Sources */ = {
			isa = PBXSourcesBuildPhase;
			buildActionMask = 2147483647;
			files = (
				42AFC5E522D57C4D00006471 /* Class03Tests.swift in Sources */,
			);
			runOnlyForDeploymentPostprocessing = 0;
		};
		42AFC5E722D57C4D00006471 /* Sources */ = {
			isa = PBXSourcesBuildPhase;
			buildActionMask = 2147483647;
			files = (
				42AFC5F022D57C4D00006471 /* Class03UITests.swift in Sources */,
			);
			runOnlyForDeploymentPostprocessing = 0;
		};
/* End PBXSourcesBuildPhase section */

/* Begin PBXTargetDependency section */
		42AFC5E222D57C4D00006471 /* PBXTargetDependency */ = {
			isa = PBXTargetDependency;
			target = 42AFC5CB22D57C4C00006471 /* Class03 */;
			targetProxy = 42AFC5E122D57C4D00006471 /* PBXContainerItemProxy */;
		};
		42AFC5ED22D57C4D00006471 /* PBXTargetDependency */ = {
			isa = PBXTargetDependency;
			target = 42AFC5CB22D57C4C00006471 /* Class03 */;
			targetProxy = 42AFC5EC22D57C4D00006471 /* PBXContainerItemProxy */;
		};
/* End PBXTargetDependency section */

/* Begin PBXVariantGroup section */
		42AFC5D322D57C4C00006471 /* Main.storyboard */ = {
			isa = PBXVariantGroup;
			children = (
				42AFC5D422D57C4C00006471 /* Base */,
			);
			name = Main.storyboard;
			sourceTree = "<group>";
		};
		42AFC5D822D57C4D00006471 /* LaunchScreen.storyboard */ = {
			isa = PBXVariantGroup;
			children = (
				42AFC5D922D57C4D00006471 /* Base */,
			);
			name = LaunchScreen.storyboard;
			sourceTree = "<group>";
		};
/* End PBXVariantGroup section */

/* Begin XCBuildConfiguration section */
		42AFC5F222D57C4D00006471 /* Debug */ = {
			isa = XCBuildConfiguration;
			buildSettings = {
				ALWAYS_SEARCH_USER_PATHS = NO;
				CLANG_ANALYZER_NONNULL = YES;
				CLANG_ANALYZER_NUMBER_OBJECT_CONVERSION = YES_AGGRESSIVE;
				CLANG_CXX_LANGUAGE_STANDARD = "gnu++14";
				CLANG_CXX_LIBRARY = "libc++";
				CLANG_ENABLE_MODULES = YES;
				CLANG_ENABLE_OBJC_ARC = YES;
				CLANG_ENABLE_OBJC_WEAK = YES;
				CLANG_WARN_BLOCK_CAPTURE_AUTORELEASING = YES;
				CLANG_WARN_BOOL_CONVERSION = YES;
				CLANG_WARN_COMMA = YES;
				CLANG_WARN_CONSTANT_CONVERSION = YES;
				CLANG_WARN_DEPRECATED_OBJC_IMPLEMENTATIONS = YES;
				CLANG_WARN_DIRECT_OBJC_ISA_USAGE = YES_ERROR;
				CLANG_WARN_DOCUMENTATION_COMMENTS = YES;
				CLANG_WARN_EMPTY_BODY = YES;
				CLANG_WARN_ENUM_CONVERSION = YES;
				CLANG_WARN_INFINITE_RECURSION = YES;
				CLANG_WARN_INT_CONVERSION = YES;
				CLANG_WARN_NON_LITERAL_NULL_CONVERSION = YES;
				CLANG_WARN_OBJC_IMPLICIT_RETAIN_SELF = YES;
				CLANG_WARN_OBJC_LITERAL_CONVERSION = YES;
				CLANG_WARN_OBJC_ROOT_CLASS = YES_ERROR;
				CLANG_WARN_RANGE_LOOP_ANALYSIS = YES;
				CLANG_WARN_STRICT_PROTOTYPES = YES;
				CLANG_WARN_SUSPICIOUS_MOVE = YES;
				CLANG_WARN_UNGUARDED_AVAILABILITY = YES_AGGRESSIVE;
				CLANG_WARN_UNREACHABLE_CODE = YES;
				CLANG_WARN__DUPLICATE_METHOD_MATCH = YES;
				CODE_SIGN_IDENTITY = "iPhone Developer";
				COPY_PHASE_STRIP = NO;
				DEBUG_INFORMATION_FORMAT = dwarf;
				ENABLE_STRICT_OBJC_MSGSEND = YES;
				ENABLE_TESTABILITY = YES;
				GCC_C_LANGUAGE_STANDARD = gnu11;
				GCC_DYNAMIC_NO_PIC = NO;
				GCC_NO_COMMON_BLOCKS = YES;
				GCC_OPTIMIZATION_LEVEL = 0;
				GCC_PREPROCESSOR_DEFINITIONS = (
					"DEBUG=1",
					"$(inherited)",
				);
				GCC_WARN_64_TO_32_BIT_CONVERSION = YES;
				GCC_WARN_ABOUT_RETURN_TYPE = YES_ERROR;
				GCC_WARN_UNDECLARED_SELECTOR = YES;
				GCC_WARN_UNINITIALIZED_AUTOS = YES_AGGRESSIVE;
				GCC_WARN_UNUSED_FUNCTION = YES;
				GCC_WARN_UNUSED_VARIABLE = YES;
				IPHONEOS_DEPLOYMENT_TARGET = 12.2;
				MTL_ENABLE_DEBUG_INFO = INCLUDE_SOURCE;
				MTL_FAST_MATH = YES;
				ONLY_ACTIVE_ARCH = YES;
				SDKROOT = iphoneos;
				SWIFT_ACTIVE_COMPILATION_CONDITIONS = DEBUG;
				SWIFT_OPTIMIZATION_LEVEL = "-Onone";
			};
			name = Debug;
		};
		42AFC5F322D57C4D00006471 /* Release */ = {
			isa = XCBuildConfiguration;
			buildSettings = {
				ALWAYS_SEARCH_USER_PATHS = NO;
				CLANG_ANALYZER_NONNULL = YES;
				CLANG_ANALYZER_NUMBER_OBJECT_CONVERSION = YES_AGGRESSIVE;
				CLANG_CXX_LANGUAGE_STANDARD = "gnu++14";
				CLANG_CXX_LIBRARY = "libc++";
				CLANG_ENABLE_MODULES = YES;
				CLANG_ENABLE_OBJC_ARC = YES;
				CLANG_ENABLE_OBJC_WEAK = YES;
				CLANG_WARN_BLOCK_CAPTURE_AUTORELEASING = YES;
				CLANG_WARN_BOOL_CONVERSION = YES;
				CLANG_WARN_COMMA = YES;
				CLANG_WARN_CONSTANT_CONVERSION = YES;
				CLANG_WARN_DEPRECATED_OBJC_IMPLEMENTATIONS = YES;
				CLANG_WARN_DIRECT_OBJC_ISA_USAGE = YES_ERROR;
				CLANG_WARN_DOCUMENTATION_COMMENTS = YES;
				CLANG_WARN_EMPTY_BODY = YES;
				CLANG_WARN_ENUM_CONVERSION = YES;
				CLANG_WARN_INFINITE_RECURSION = YES;
				CLANG_WARN_INT_CONVERSION = YES;
				CLANG_WARN_NON_LITERAL_NULL_CONVERSION = YES;
				CLANG_WARN_OBJC_IMPLICIT_RETAIN_SELF = YES;
				CLANG_WARN_OBJC_LITERAL_CONVERSION = YES;
				CLANG_WARN_OBJC_ROOT_CLASS = YES_ERROR;
				CLANG_WARN_RANGE_LOOP_ANALYSIS = YES;
				CLANG_WARN_STRICT_PROTOTYPES = YES;
				CLANG_WARN_SUSPICIOUS_MOVE = YES;
				CLANG_WARN_UNGUARDED_AVAILABILITY = YES_AGGRESSIVE;
				CLANG_WARN_UNREACHABLE_CODE = YES;
				CLANG_WARN__DUPLICATE_METHOD_MATCH = YES;
				CODE_SIGN_IDENTITY = "iPhone Developer";
				COPY_PHASE_STRIP = NO;
				DEBUG_INFORMATION_FORMAT = "dwarf-with-dsym";
				ENABLE_NS_ASSERTIONS = NO;
				ENABLE_STRICT_OBJC_MSGSEND = YES;
				GCC_C_LANGUAGE_STANDARD = gnu11;
				GCC_NO_COMMON_BLOCKS = YES;
				GCC_WARN_64_TO_32_BIT_CONVERSION = YES;
				GCC_WARN_ABOUT_RETURN_TYPE = YES_ERROR;
				GCC_WARN_UNDECLARED_SELECTOR = YES;
				GCC_WARN_UNINITIALIZED_AUTOS = YES_AGGRESSIVE;
				GCC_WARN_UNUSED_FUNCTION = YES;
				GCC_WARN_UNUSED_VARIABLE = YES;
				IPHONEOS_DEPLOYMENT_TARGET = 12.2;
				MTL_ENABLE_DEBUG_INFO = NO;
				MTL_FAST_MATH = YES;
				SDKROOT = iphoneos;
				SWIFT_COMPILATION_MODE = wholemodule;
				SWIFT_OPTIMIZATION_LEVEL = "-O";
				VALIDATE_PRODUCT = YES;
			};
			name = Release;
		};
		42AFC5F522D57C4D00006471 /* Debug */ = {
			isa = XCBuildConfiguration;
			baseConfigurationReference = 646E8155FB8DF390C9A1464B /* Pods-Class03.debug.xcconfig */;
			buildSettings = {
				ASSETCATALOG_COMPILER_APPICON_NAME = AppIcon;
				CODE_SIGN_STYLE = Automatic;
				INFOPLIST_FILE = Class03/Info.plist;
				LD_RUNPATH_SEARCH_PATHS = (
					"$(inherited)",
					"@executable_path/Frameworks",
				);
				PRODUCT_BUNDLE_IDENTIFIER = edu.nicit.Class03;
				PRODUCT_NAME = "$(TARGET_NAME)";
				SWIFT_VERSION = 5.0;
				TARGETED_DEVICE_FAMILY = "1,2";
			};
			name = Debug;
		};
		42AFC5F622D57C4D00006471 /* Release */ = {
			isa = XCBuildConfiguration;
			baseConfigurationReference = FAB76878DF1ADDDFDCFE2D2B /* Pods-Class03.release.xcconfig */;
			buildSettings = {
				ASSETCATALOG_COMPILER_APPICON_NAME = AppIcon;
				CODE_SIGN_STYLE = Automatic;
				INFOPLIST_FILE = Class03/Info.plist;
				LD_RUNPATH_SEARCH_PATHS = (
					"$(inherited)",
					"@executable_path/Frameworks",
				);
				PRODUCT_BUNDLE_IDENTIFIER = edu.nicit.Class03;
				PRODUCT_NAME = "$(TARGET_NAME)";
				SWIFT_VERSION = 5.0;
				TARGETED_DEVICE_FAMILY = "1,2";
			};
			name = Release;
		};
		42AFC5F822D57C4D00006471 /* Debug */ = {
			isa = XCBuildConfiguration;
			baseConfigurationReference = 443EFFDC617D7B92368B28DF /* Pods-Class03Tests.debug.xcconfig */;
			buildSettings = {
				ALWAYS_EMBED_SWIFT_STANDARD_LIBRARIES = YES;
				BUNDLE_LOADER = "$(TEST_HOST)";
				CODE_SIGN_STYLE = Automatic;
				INFOPLIST_FILE = Class03Tests/Info.plist;
				LD_RUNPATH_SEARCH_PATHS = (
					"$(inherited)",
					"@executable_path/Frameworks",
					"@loader_path/Frameworks",
				);
				PRODUCT_BUNDLE_IDENTIFIER = edu.nicit.Class03Tests;
				PRODUCT_NAME = "$(TARGET_NAME)";
				SWIFT_VERSION = 5.0;
				TARGETED_DEVICE_FAMILY = "1,2";
				TEST_HOST = "$(BUILT_PRODUCTS_DIR)/Class03.app/Class03";
			};
			name = Debug;
		};
		42AFC5F922D57C4D00006471 /* Release */ = {
			isa = XCBuildConfiguration;
			baseConfigurationReference = 58A901C3B4370088C86F818C /* Pods-Class03Tests.release.xcconfig */;
			buildSettings = {
				ALWAYS_EMBED_SWIFT_STANDARD_LIBRARIES = YES;
				BUNDLE_LOADER = "$(TEST_HOST)";
				CODE_SIGN_STYLE = Automatic;
				INFOPLIST_FILE = Class03Tests/Info.plist;
				LD_RUNPATH_SEARCH_PATHS = (
					"$(inherited)",
					"@executable_path/Frameworks",
					"@loader_path/Frameworks",
				);
				PRODUCT_BUNDLE_IDENTIFIER = edu.nicit.Class03Tests;
				PRODUCT_NAME = "$(TARGET_NAME)";
				SWIFT_VERSION = 5.0;
				TARGETED_DEVICE_FAMILY = "1,2";
				TEST_HOST = "$(BUILT_PRODUCTS_DIR)/Class03.app/Class03";
			};
			name = Release;
		};
		42AFC5FB22D57C4D00006471 /* Debug */ = {
			isa = XCBuildConfiguration;
			baseConfigurationReference = 241A5F40A3B532052B03EF62 /* Pods-Class03UITests.debug.xcconfig */;
			buildSettings = {
				ALWAYS_EMBED_SWIFT_STANDARD_LIBRARIES = YES;
				CODE_SIGN_STYLE = Automatic;
				INFOPLIST_FILE = Class03UITests/Info.plist;
				LD_RUNPATH_SEARCH_PATHS = (
					"$(inherited)",
					"@executable_path/Frameworks",
					"@loader_path/Frameworks",
				);
				PRODUCT_BUNDLE_IDENTIFIER = edu.nicit.Class03UITests;
				PRODUCT_NAME = "$(TARGET_NAME)";
				SWIFT_VERSION = 5.0;
				TARGETED_DEVICE_FAMILY = "1,2";
				TEST_TARGET_NAME = Class03;
			};
			name = Debug;
		};
		42AFC5FC22D57C4D00006471 /* Release */ = {
			isa = XCBuildConfiguration;
			baseConfigurationReference = 2907B111159CB1E3C12E9F0C /* Pods-Class03UITests.release.xcconfig */;
			buildSettings = {
				ALWAYS_EMBED_SWIFT_STANDARD_LIBRARIES = YES;
				CODE_SIGN_STYLE = Automatic;
				INFOPLIST_FILE = Class03UITests/Info.plist;
				LD_RUNPATH_SEARCH_PATHS = (
					"$(inherited)",
					"@executable_path/Frameworks",
					"@loader_path/Frameworks",
				);
				PRODUCT_BUNDLE_IDENTIFIER = edu.nicit.Class03UITests;
				PRODUCT_NAME = "$(TARGET_NAME)";
				SWIFT_VERSION = 5.0;
				TARGETED_DEVICE_FAMILY = "1,2";
				TEST_TARGET_NAME = Class03;
			};
			name = Release;
		};
/* End XCBuildConfiguration section */

/* Begin XCConfigurationList section */
		42AFC5C722D57C4C00006471 /* Build configuration list for PBXProject "Class03" */ = {
			isa = XCConfigurationList;
			buildConfigurations = (
				42AFC5F222D57C4D00006471 /* Debug */,
				42AFC5F322D57C4D00006471 /* Release */,
			);
			defaultConfigurationIsVisible = 0;
			defaultConfigurationName = Release;
		};
		42AFC5F422D57C4D00006471 /* Build configuration list for PBXNativeTarget "Class03" */ = {
			isa = XCConfigurationList;
			buildConfigurations = (
				42AFC5F522D57C4D00006471 /* Debug */,
				42AFC5F622D57C4D00006471 /* Release */,
			);
			defaultConfigurationIsVisible = 0;
			defaultConfigurationName = Release;
		};
		42AFC5F722D57C4D00006471 /* Build configuration list for PBXNativeTarget "Class03Tests" */ = {
			isa = XCConfigurationList;
			buildConfigurations = (
				42AFC5F822D57C4D00006471 /* Debug */,
				42AFC5F922D57C4D00006471 /* Release */,
			);
			defaultConfigurationIsVisible = 0;
			defaultConfigurationName = Release;
		};
		42AFC5FA22D57C4D00006471 /* Build configuration list for PBXNativeTarget "Class03UITests" */ = {
			isa = XCConfigurationList;
			buildConfigurations = (
				42AFC5FB22D57C4D00006471 /* Debug */,
				42AFC5FC22D57C4D00006471 /* Release */,
			);
			defaultConfigurationIsVisible = 0;
			defaultConfigurationName = Release;
		};
/* End XCConfigurationList section */
	};
	rootObject = 42AFC5C422D57C4C00006471 /* Project object */;
}
